
Microsoft Visual Studio Solution File, Format Version 12.00
# Visual Studio 15
VisualStudioVersion = 15.0.28307.757
MinimumVisualStudioVersion = 10.0.40219.1
Project("{FAE04EC0-301F-11D3-BF4B-00C04F79EFBC}") = "WebApplication", "WebApplication\WebApplication.csproj", "{3750D976-C6CC-479B-897D-63FD0E86C544}"
EndProject
Project("{FAE04EC0-301F-11D3-BF4B-00C04F79EFBC}") = "CSharpProgrCook", "CSharpProgrCook\CSharpProgrCook.csproj", "{8DB1BC8A-2E02-492D-8CD1-54C3C84C2C07}"
EndProject
Project("{FAE04EC0-301F-11D3-BF4B-00C04F79EFBC}") = "HandsOnObjectOrientedProgramming", "HandsOnObjectOrientedProgramming\HandsOnObjectOrientedProgramming.csproj", "{5075DD76-FE65-4E75-8E15-7E43157F1CBF}"
EndProject
Project("{E24C65DC-7377-472B-9ABA-BC803B73C61A}") = "JSProgrammingForEveryone", "JSProgrammingForEveryone\", "{2409C4E4-DD9F-49ED-A57E-A10512FA72E3}"
	ProjectSection(WebsiteProperties) = preProject
		TargetFrameworkMoniker = ".NETFramework,Version%3Dv4.7.2"
		Debug.AspNetCompiler.VirtualPath = "/localhost_51969"
		Debug.AspNetCompiler.PhysicalPath = "JSProgrammingForEveryone\"
		Debug.AspNetCompiler.TargetPath = "PrecompiledWeb\localhost_51969\"
		Debug.AspNetCompiler.Updateable = "true"
		Debug.AspNetCompiler.ForceOverwrite = "true"
		Debug.AspNetCompiler.FixedNames = "false"
		Debug.AspNetCompiler.Debug = "True"
		Release.AspNetCompiler.VirtualPath = "/localhost_51969"
		Release.AspNetCompiler.PhysicalPath = "JSProgrammingForEveryone\"
		Release.AspNetCompiler.TargetPath = "PrecompiledWeb\localhost_51969\"
		Release.AspNetCompiler.Updateable = "true"
		Release.AspNetCompiler.ForceOverwrite = "true"
		Release.AspNetCompiler.FixedNames = "false"
		Release.AspNetCompiler.Debug = "False"
		VWDPort = "51969"
		SlnRelativePath = "JSProgrammingForEveryone\"
		DefaultWebSiteLanguage = "Visual C#"
	EndProjectSection
EndProject
Global
	GlobalSection(SolutionConfigurationPlatforms) = preSolution
		Debug|Any CPU = Debug|Any CPU
		Release|Any CPU = Release|Any CPU
	EndGlobalSection
	GlobalSection(ProjectConfigurationPlatforms) = postSolution
		{3750D976-C6CC-479B-897D-63FD0E86C544}.Debug|Any CPU.ActiveCfg = Debug|Any CPU
		{3750D976-C6CC-479B-897D-63FD0E86C544}.Debug|Any CPU.Build.0 = Debug|Any CPU
		{3750D976-C6CC-479B-897D-63FD0E86C544}.Release|Any CPU.ActiveCfg = Release|Any CPU
		{3750D976-C6CC-479B-897D-63FD0E86C544}.Release|Any CPU.Build.0 = Release|Any CPU
		{8DB1BC8A-2E02-492D-8CD1-54C3C84C2C07}.Debug|Any CPU.ActiveCfg = Debug|Any CPU
		{8DB1BC8A-2E02-492D-8CD1-54C3C84C2C07}.Debug|Any CPU.Build.0 = Debug|Any CPU
		{8DB1BC8A-2E02-492D-8CD1-54C3C84C2C07}.Release|Any CPU.ActiveCfg = Release|Any CPU
		{8DB1BC8A-2E02-492D-8CD1-54C3C84C2C07}.Release|Any CPU.Build.0 = Release|Any CPU
		{5075DD76-FE65-4E75-8E15-7E43157F1CBF}.Debug|Any CPU.ActiveCfg = Debug|Any CPU
		{5075DD76-FE65-4E75-8E15-7E43157F1CBF}.Debug|Any CPU.Build.0 = Debug|Any CPU
		{5075DD76-FE65-4E75-8E15-7E43157F1CBF}.Release|Any CPU.ActiveCfg = Release|Any CPU
		{5075DD76-FE65-4E75-8E15-7E43157F1CBF}.Release|Any CPU.Build.0 = Release|Any CPU
		{2409C4E4-DD9F-49ED-A57E-A10512FA72E3}.Debug|Any CPU.ActiveCfg = Debug|Any CPU
		{2409C4E4-DD9F-49ED-A57E-A10512FA72E3}.Debug|Any CPU.Build.0 = Debug|Any CPU
		{2409C4E4-DD9F-49ED-A57E-A10512FA72E3}.Release|Any CPU.ActiveCfg = Debug|Any CPU
		{2409C4E4-DD9F-49ED-A57E-A10512FA72E3}.Release|Any CPU.Build.0 = Debug|Any CPU
	EndGlobalSection
	GlobalSection(SolutionProperties) = preSolution
		HideSolutionNode = FALSE
	EndGlobalSection
	GlobalSection(ExtensibilityGlobals) = postSolution
		SolutionGuid = {36E02720-801B-4FB8-B4AA-B58A285943AA}
	EndGlobalSection
EndGlobal
